
Microsoft Visual Studio Solution File, Format Version 12.00
# Visual Studio Version 17
VisualStudioVersion = 17.5.33627.172
MinimumVisualStudioVersion = 10.0.40219.1
Project("{FAE04EC0-301F-11D3-BF4B-00C04F79EFBC}") = "MVCkampi", "MVCkampi\MVCkampi.csproj", "{C819AAAE-B695-4D52-A3CB-6694434D6430}"
EndProject
Project("{FAE04EC0-301F-11D3-BF4B-00C04F79EFBC}") = "EntityLayerr", "EntityLayerr\EntityLayerr.csproj", "{B07CA3A4-BDF1-4D53-8789-A4EC3246C345}"
EndProject
Project("{FAE04EC0-301F-11D3-BF4B-00C04F79EFBC}") = "DataAccessLayerr", "DataAccessLayerr\DataAccessLayerr.csproj", "{95B88266-3FE0-4455-8D58-BA6C9D1841B2}"
EndProject
Project("{FAE04EC0-301F-11D3-BF4B-00C04F79EFBC}") = "BusinessLayerr", "BusinessLayerr\BusinessLayerr.csproj", "{CBF6F42F-DA5B-44DA-B6C7-A81C01C64A02}"
EndProject
Global
	GlobalSection(SolutionConfigurationPlatforms) = preSolution
		Debug|Any CPU = Debug|Any CPU
		Release|Any CPU = Release|Any CPU
	EndGlobalSection
	GlobalSection(ProjectConfigurationPlatforms) = postSolution
		{C819AAAE-B695-4D52-A3CB-6694434D6430}.Debug|Any CPU.ActiveCfg = Debug|Any CPU
		{C819AAAE-B695-4D52-A3CB-6694434D6430}.Debug|Any CPU.Build.0 = Debug|Any CPU
		{C819AAAE-B695-4D52-A3CB-6694434D6430}.Release|Any CPU.ActiveCfg = Release|Any CPU
		{C819AAAE-B695-4D52-A3CB-6694434D6430}.Release|Any CPU.Build.0 = Release|Any CPU
		{B07CA3A4-BDF1-4D53-8789-A4EC3246C345}.Debug|Any CPU.ActiveCfg = Debug|Any CPU
		{B07CA3A4-BDF1-4D53-8789-A4EC3246C345}.Debug|Any CPU.Build.0 = Debug|Any CPU
		{B07CA3A4-BDF1-4D53-8789-A4EC3246C345}.Release|Any CPU.ActiveCfg = Release|Any CPU
		{B07CA3A4-BDF1-4D53-8789-A4EC3246C345}.Release|Any CPU.Build.0 = Release|Any CPU
		{95B88266-3FE0-4455-8D58-BA6C9D1841B2}.Debug|Any CPU.ActiveCfg = Debug|Any CPU
		{95B88266-3FE0-4455-8D58-BA6C9D1841B2}.Debug|Any CPU.Build.0 = Debug|Any CPU
		{95B88266-3FE0-4455-8D58-BA6C9D1841B2}.Release|Any CPU.ActiveCfg = Release|Any CPU
		{95B88266-3FE0-4455-8D58-BA6C9D1841B2}.Release|Any CPU.Build.0 = Release|Any CPU
		{CBF6F42F-DA5B-44DA-B6C7-A81C01C64A02}.Debug|Any CPU.ActiveCfg = Debug|Any CPU
		{CBF6F42F-DA5B-44DA-B6C7-A81C01C64A02}.Debug|Any CPU.Build.0 = Debug|Any CPU
		{CBF6F42F-DA5B-44DA-B6C7-A81C01C64A02}.Release|Any CPU.ActiveCfg = Release|Any CPU
		{CBF6F42F-DA5B-44DA-B6C7-A81C01C64A02}.Release|Any CPU.Build.0 = Release|Any CPU
	EndGlobalSection
	GlobalSection(SolutionProperties) = preSolution
		HideSolutionNode = FALSE
	EndGlobalSection
	GlobalSection(ExtensibilityGlobals) = postSolution
		SolutionGuid = {4BBDC7D3-424C-4531-9A6A-05431406A362}
	EndGlobalSection
EndGlobal
